# This file is automatically @generated by Cargo.
# It is not intended for manual editing.
version = 4

[[package]]
name = "demo"
version = "0.1.0"

[[package]]
name = "serde"
version = "1.0.0"
source = "registry+https://github.com/rust-lang/crates.io-index"
checksum = "f14ef7a765cba56be6839d763352a5eae151cbd19dbe31f5538e0d9aaeb424f4"

[[package]]
name = "helper"
version = "0.2.0"
source = "git+https://example.com/org/helper.git#aaaaaaaaaaaaaaaaaaaaaaaaaaaaaaaaaaaaaaaa"
